{
  "name": "HyperHiveLocal",
  "lockfileVersion": 3,
  "requires": true,
  "packages": {
    "": {
      "dependencies": {
        "opencode-go-usage": "^1.0.5"
      }
    },
    "node_modules/opencode-go-usage": {
      "version": "1.0.5",
      "resolved": "https://registry.npmjs.org/opencode-go-usage/-/opencode-go-usage-1.0.5.tgz",
      "integrity": "sha512-pNRokKLXFJXIEIwl65sNYHaj1rqR6tcGuiXMdDjg5xmMF/PLZmxVGOAVBNj+/A/FiZ9dywL8NTlJFXl1uR2RYg==",
      "license": "MIT",
      "engines": {
        "node": ">=18"
      }
    }
  }
}
